// !$*UTF8*$!
{
	archiveVersion = 1;
	classes = {
	};
	objectVersion = 50;
	objects = {

/* Begin PBXBuildFile section */
		DC76BB6121C7DC6C00833698 /* AppDelegate.swift in Sources */ = {isa = PBXBuildFile; fileRef = DC76BB6021C7DC6C00833698 /* AppDelegate.swift */; };
		DC76BB6321C7DC6C00833698 /* ViewController.swift in Sources */ = {isa = PBXBuildFile; fileRef = DC76BB6221C7DC6C00833698 /* ViewController.swift */; };
		DC76BB6621C7DC6C00833698 /* Main.storyboard in Resources */ = {isa = PBXBuildFile; fileRef = DC76BB6421C7DC6C00833698 /* Main.storyboard */; };
		DC76BB6821C7DC6F00833698 /* Assets.xcassets in Resources */ = {isa = PBXBuildFile; fileRef = DC76BB6721C7DC6F00833698 /* Assets.xcassets */; };
		DC76BB6B21C7DC6F00833698 /* LaunchScreen.storyboard in Resources */ = {isa = PBXBuildFile; fileRef = DC76BB6921C7DC6F00833698 /* LaunchScreen.storyboard */; };
		DC76BB7321C7DF4300833698 /* LockView.swift in Sources */ = {isa = PBXBuildFile; fileRef = DC76BB7221C7DF4300833698 /* LockView.swift */; };
/* End PBXBuildFile section */

/* Begin PBXFileReference section */
		DC76BB5D21C7DC6C00833698 /* LockAnimationTest.app */ = {isa = PBXFileReference; explicitFileType = wrapper.application; includeInIndex = 0; path = LockAnimationTest.app; sourceTree = BUILT_PRODUCTS_DIR; };
		DC76BB6021C7DC6C00833698 /* AppDelegate.swift */ = {isa = PBXFileReference; lastKnownFileType = sourcecode.swift; path = AppDelegate.swift; sourceTree = "<group>"; };
		DC76BB6221C7DC6C00833698 /* ViewController.swift */ = {isa = PBXFileReference; lastKnownFileType = sourcecode.swift; path = ViewController.swift; sourceTree = "<group>"; };
		DC76BB6521C7DC6C00833698 /* Base */ = {isa = PBXFileReference; lastKnownFileType = file.storyboard; name = Base; path = Base.lproj/Main.storyboard; sourceTree = "<group>"; };
		DC76BB6721C7DC6F00833698 /* Assets.xcassets */ = {isa = PBXFileReference; lastKnownFileType = folder.assetcatalog; path = Assets.xcassets; sourceTree = "<group>"; };
		DC76BB6A21C7DC6F00833698 /* Base */ = {isa = PBXFileReference; lastKnownFileType = file.storyboard; name = Base; path = Base.lproj/LaunchScreen.storyboard; sourceTree = "<group>"; };
		DC76BB6C21C7DC6F00833698 /* Info.plist */ = {isa = PBXFileReference; lastKnownFileType = text.plist.xml; path = Info.plist; sourceTree = "<group>"; };
		DC76BB7221C7DF4300833698 /* LockView.swift */ = {isa = PBXFileReference; lastKnownFileType = sourcecode.swift; path = LockView.swift; sourceTree = "<group>"; };
/* End PBXFileReference section */

/* Begin PBXFrameworksBuildPhase section */
		DC76BB5A21C7DC6C00833698 /* Frameworks */ = {
			isa = PBXFrameworksBuildPhase;
			buildActionMask = 2147483647;
			files = (
			);
			runOnlyForDeploymentPostprocessing = 0;
		};
/* End PBXFrameworksBuildPhase section */

/* Begin PBXGroup section */
		2D40746C4ADE835638928B69 /* Frameworks */ = {
			isa = PBXGroup;
			children = (
			);
			name = Frameworks;
			sourceTree = "<group>";
		};
		DC76BB5421C7DC6C00833698 = {
			isa = PBXGroup;
			children = (
				DC76BB5F21C7DC6C00833698 /* LockAnimationTest */,
				DC76BB5E21C7DC6C00833698 /* Products */,
				2D40746C4ADE835638928B69 /* Frameworks */,
			);
			sourceTree = "<group>";
		};
		DC76BB5E21C7DC6C00833698 /* Products */ = {
			isa = PBXGroup;
			children = (
				DC76BB5D21C7DC6C00833698 /* LockAnimationTest.app */,
			);
			name = Products;
			sourceTree = "<group>";
		};
		DC76BB5F21C7DC6C00833698 /* LockAnimationTest */ = {
			isa = PBXGroup;
			children = (
				DC76BB6021C7DC6C00833698 /* AppDelegate.swift */,
				DC76BB6221C7DC6C00833698 /* ViewController.swift */,
				DC76BB7221C7DF4300833698 /* LockView.swift */,
				DC76BB6421C7DC6C00833698 /* Main.storyboard */,
				DC76BB6721C7DC6F00833698 /* Assets.xcassets */,
				DC76BB6921C7DC6F00833698 /* LaunchScreen.storyboard */,
				DC76BB6C21C7DC6F00833698 /* Info.plist */,
			);
			path = LockAnimationTest;
			sourceTree = "<group>";
		};
/* End PBXGroup section */

/* Begin PBXNativeTarget section */
		DC76BB5C21C7DC6C00833698 /* LockAnimationTest */ = {
			isa = PBXNativeTarget;
			buildConfigurationList = DC76BB6F21C7DC6F00833698 /* Build configuration list for PBXNativeTarget "LockAnimationTest" */;
			buildPhases = (
				DC76BB5921C7DC6C00833698 /* Sources */,
				DC76BB5A21C7DC6C00833698 /* Frameworks */,
				DC76BB5B21C7DC6C00833698 /* Resources */,
			);
			buildRules = (
			);
			dependencies = (
			);
			name = LockAnimationTest;
			productName = LockAnimationTest;
			productReference = DC76BB5D21C7DC6C00833698 /* LockAnimationTest.app */;
			productType = "com.apple.product-type.application";
		};
/* End PBXNativeTarget section */

/* Begin PBXProject section */
		DC76BB5521C7DC6C00833698 /* Project object */ = {
			isa = PBXProject;
			attributes = {
				LastSwiftUpdateCheck = 1010;
				LastUpgradeCheck = 1010;
				ORGANIZATIONNAME = "Grow Pixel";
				TargetAttributes = {
					DC76BB5C21C7DC6C00833698 = {
						CreatedOnToolsVersion = 10.1;
					};
				};
			};
			buildConfigurationList = DC76BB5821C7DC6C00833698 /* Build configuration list for PBXProject "LockAnimationTest" */;
			compatibilityVersion = "Xcode 9.3";
			developmentRegion = en;
			hasScannedForEncodings = 0;
			knownRegions = (
				en,
				Base,
			);
			mainGroup = DC76BB5421C7DC6C00833698;
			productRefGroup = DC76BB5E21C7DC6C00833698 /* Products */;
			projectDirPath = "";
			projectRoot = "";
			targets = (
				DC76BB5C21C7DC6C00833698 /* LockAnimationTest */,
			);
		};
/* End PBXProject section */

/* Begin PBXResourcesBuildPhase section */
		DC76BB5B21C7DC6C00833698 /* Resources */ = {
			isa = PBXResourcesBuildPhase;
			buildActionMask = 2147483647;
			files = (
				DC76BB6B21C7DC6F00833698 /* LaunchScreen.storyboard in Resources */,
				DC76BB6821C7DC6F00833698 /* Assets.xcassets in Resources */,
				DC76BB6621C7DC6C00833698 /* Main.storyboard in Resources */,
			);
			runOnlyForDeploymentPostprocessing = 0;
		};
/* End PBXResourcesBuildPhase section */

/* Begin PBXSourcesBuildPhase section */
		DC76BB5921C7DC6C00833698 /* Sources */ = {
			isa = PBXSourcesBuildPhase;
			buildActionMask = 2147483647;
			files = (
				DC76BB6321C7DC6C00833698 /* ViewController.swift in Sources */,
				DC76BB6121C7DC6C00833698 /* AppDelegate.swift in Sources */,
				DC76BB7321C7DF4300833698 /* LockView.swift in Sources */,
			);
			runOnlyForDeploymentPostprocessing = 0;
		};
/* End PBXSourcesBuildPhase section */

/* Begin PBXVariantGroup section */
		DC76BB6421C7DC6C00833698 /* Main.storyboard */ = {
			isa = PBXVariantGroup;
			children = (
				DC76BB6521C7DC6C00833698 /* Base */,
			);
			name = Main.storyboard;
			sourceTree = "<group>";
		};
		DC76BB6921C7DC6F00833698 /* LaunchScreen.storyboard */ = {
			isa = PBXVariantGroup;
			children = (
				DC76BB6A21C7DC6F00833698 /* Base */,
			);
			name = LaunchScreen.storyboard;
			sourceTree = "<group>";
		};
/* End PBXVariantGroup section */

/* Begin XCBuildConfiguration section */
		DC76BB6D21C7DC6F00833698 /* Debug */ = {
			isa = XCBuildConfiguration;
			buildSettings = {
				ALWAYS_SEARCH_USER_PATHS = NO;
				CLANG_ANALYZER_NONNULL = YES;
				CLANG_ANALYZER_NUMBER_OBJECT_CONVERSION = YES_AGGRESSIVE;
				CLANG_CXX_LANGUAGE_STANDARD = "gnu++14";
				CLANG_CXX_LIBRARY = "libc++";
				CLANG_ENABLE_MODULES = YES;
				CLANG_ENABLE_OBJC_ARC = YES;
				CLANG_ENABLE_OBJC_WEAK = YES;
				CLANG_WARN_BLOCK_CAPTURE_AUTORELEASING = YES;
				CLANG_WARN_BOOL_CONVERSION = YES;
				CLANG_WARN_COMMA = YES;
				CLANG_WARN_CONSTANT_CONVERSION = YES;
				CLANG_WARN_DEPRECATED_OBJC_IMPLEMENTATIONS = YES;
				CLANG_WARN_DIRECT_OBJC_ISA_USAGE = YES_ERROR;
				CLANG_WARN_DOCUMENTATION_COMMENTS = YES;
				CLANG_WARN_EMPTY_BODY = YES;
				CLANG_WARN_ENUM_CONVERSION = YES;
				CLANG_WARN_INFINITE_RECURSION = YES;
				CLANG_WARN_INT_CONVERSION = YES;
				CLANG_WARN_NON_LITERAL_NULL_CONVERSION = YES;
				CLANG_WARN_OBJC_IMPLICIT_RETAIN_SELF = YES;
				CLANG_WARN_OBJC_LITERAL_CONVERSION = YES;
				CLANG_WARN_OBJC_ROOT_CLASS = YES_ERROR;
				CLANG_WARN_RANGE_LOOP_ANALYSIS = YES;
				CLANG_WARN_STRICT_PROTOTYPES = YES;
				CLANG_WARN_SUSPICIOUS_MOVE = YES;
				CLANG_WARN_UNGUARDED_AVAILABILITY = YES_AGGRESSIVE;
				CLANG_WARN_UNREACHABLE_CODE = YES;
				CLANG_WARN__DUPLICATE_METHOD_MATCH = YES;
				CODE_SIGN_IDENTITY = "iPhone Developer";
				COPY_PHASE_STRIP = NO;
				DEBUG_INFORMATION_FORMAT = dwarf;
				ENABLE_STRICT_OBJC_MSGSEND = YES;
				ENABLE_TESTABILITY = YES;
				GCC_C_LANGUAGE_STANDARD = gnu11;
				GCC_DYNAMIC_NO_PIC = NO;
				GCC_NO_COMMON_BLOCKS = YES;
				GCC_OPTIMIZATION_LEVEL = 0;
				GCC_PREPROCESSOR_DEFINITIONS = (
					"DEBUG=1",
					"$(inherited)",
				);
				GCC_WARN_64_TO_32_BIT_CONVERSION = YES;
				GCC_WARN_ABOUT_RETURN_TYPE = YES_ERROR;
				GCC_WARN_UNDECLARED_SELECTOR = YES;
				GCC_WARN_UNINITIALIZED_AUTOS = YES_AGGRESSIVE;
				GCC_WARN_UNUSED_FUNCTION = YES;
				GCC_WARN_UNUSED_VARIABLE = YES;
				IPHONEOS_DEPLOYMENT_TARGET = 12.1;
				MTL_ENABLE_DEBUG_INFO = INCLUDE_SOURCE;
				MTL_FAST_MATH = YES;
				ONLY_ACTIVE_ARCH = YES;
				SDKROOT = iphoneos;
				SWIFT_ACTIVE_COMPILATION_CONDITIONS = DEBUG;
				SWIFT_OPTIMIZATION_LEVEL = "-Onone";
			};
			name = Debug;
		};
		DC76BB6E21C7DC6F00833698 /* Release */ = {
			isa = XCBuildConfiguration;
			buildSettings = {
				ALWAYS_SEARCH_USER_PATHS = NO;
				CLANG_ANALYZER_NONNULL = YES;
				CLANG_ANALYZER_NUMBER_OBJECT_CONVERSION = YES_AGGRESSIVE;
				CLANG_CXX_LANGUAGE_STANDARD = "gnu++14";
				CLANG_CXX_LIBRARY = "libc++";
				CLANG_ENABLE_MODULES = YES;
				CLANG_ENABLE_OBJC_ARC = YES;
				CLANG_ENABLE_OBJC_WEAK = YES;
				CLANG_WARN_BLOCK_CAPTURE_AUTORELEASING = YES;
				CLANG_WARN_BOOL_CONVERSION = YES;
				CLANG_WARN_COMMA = YES;
				CLANG_WARN_CONSTANT_CONVERSION = YES;
				CLANG_WARN_DEPRECATED_OBJC_IMPLEMENTATIONS = YES;
				CLANG_WARN_DIRECT_OBJC_ISA_USAGE = YES_ERROR;
				CLANG_WARN_DOCUMENTATION_COMMENTS = YES;
				CLANG_WARN_EMPTY_BODY = YES;
				CLANG_WARN_ENUM_CONVERSION = YES;
				CLANG_WARN_INFINITE_RECURSION = YES;
				CLANG_WARN_INT_CONVERSION = YES;
				CLANG_WARN_NON_LITERAL_NULL_CONVERSION = YES;
				CLANG_WARN_OBJC_IMPLICIT_RETAIN_SELF = YES;
				CLANG_WARN_OBJC_LITERAL_CONVERSION = YES;
				CLANG_WARN_OBJC_ROOT_CLASS = YES_ERROR;
				CLANG_WARN_RANGE_LOOP_ANALYSIS = YES;
				CLANG_WARN_STRICT_PROTOTYPES = YES;
				CLANG_WARN_SUSPICIOUS_MOVE = YES;
				CLANG_WARN_UNGUARDED_AVAILABILITY = YES_AGGRESSIVE;
				CLANG_WARN_UNREACHABLE_CODE = YES;
				CLANG_WARN__DUPLICATE_METHOD_MATCH = YES;
				CODE_SIGN_IDENTITY = "iPhone Developer";
				COPY_PHASE_STRIP = NO;
				DEBUG_INFORMATION_FORMAT = "dwarf-with-dsym";
				ENABLE_NS_ASSERTIONS = NO;
				ENABLE_STRICT_OBJC_MSGSEND = YES;
				GCC_C_LANGUAGE_STANDARD = gnu11;
				GCC_NO_COMMON_BLOCKS = YES;
				GCC_WARN_64_TO_32_BIT_CONVERSION = YES;
				GCC_WARN_ABOUT_RETURN_TYPE = YES_ERROR;
				GCC_WARN_UNDECLARED_SELECTOR = YES;
				GCC_WARN_UNINITIALIZED_AUTOS = YES_AGGRESSIVE;
				GCC_WARN_UNUSED_FUNCTION = YES;
				GCC_WARN_UNUSED_VARIABLE = YES;
				IPHONEOS_DEPLOYMENT_TARGET = 12.1;
				MTL_ENABLE_DEBUG_INFO = NO;
				MTL_FAST_MATH = YES;
				SDKROOT = iphoneos;
				SWIFT_COMPILATION_MODE = wholemodule;
				SWIFT_OPTIMIZATION_LEVEL = "-O";
				VALIDATE_PRODUCT = YES;
			};
			name = Release;
		};
		DC76BB7021C7DC6F00833698 /* Debug */ = {
			isa = XCBuildConfiguration;
			buildSettings = {
				ASSETCATALOG_COMPILER_APPICON_NAME = AppIcon;
				CODE_SIGN_STYLE = Automatic;
				DEVELOPMENT_TEAM = "";
				INFOPLIST_FILE = LockAnimationTest/Info.plist;
				LD_RUNPATH_SEARCH_PATHS = (
					"$(inherited)",
					"@executable_path/Frameworks",
				);
				PRODUCT_BUNDLE_IDENTIFIER = com.growpixel.blackbox.LockAnimationTest;
				PRODUCT_NAME = "$(TARGET_NAME)";
				SWIFT_VERSION = 4.2;
				TARGETED_DEVICE_FAMILY = "1,2";
			};
			name = Debug;
		};
		DC76BB7121C7DC6F00833698 /* Release */ = {
			isa = XCBuildConfiguration;
			buildSettings = {
				ASSETCATALOG_COMPILER_APPICON_NAME = AppIcon;
				CODE_SIGN_STYLE = Automatic;
				DEVELOPMENT_TEAM = "";
				INFOPLIST_FILE = LockAnimationTest/Info.plist;
				LD_RUNPATH_SEARCH_PATHS = (
					"$(inherited)",
					"@executable_path/Frameworks",
				);
				PRODUCT_BUNDLE_IDENTIFIER = com.growpixel.blackbox.LockAnimationTest;
				PRODUCT_NAME = "$(TARGET_NAME)";
				SWIFT_VERSION = 4.2;
				TARGETED_DEVICE_FAMILY = "1,2";
			};
			name = Release;
		};
/* End XCBuildConfiguration section */

/* Begin XCConfigurationList section */
		DC76BB5821C7DC6C00833698 /* Build configuration list for PBXProject "LockAnimationTest" */ = {
			isa = XCConfigurationList;
			buildConfigurations = (
				DC76BB6D21C7DC6F00833698 /* Debug */,
				DC76BB6E21C7DC6F00833698 /* Release */,
			);
			defaultConfigurationIsVisible = 0;
			defaultConfigurationName = Release;
		};
		DC76BB6F21C7DC6F00833698 /* Build configuration list for PBXNativeTarget "LockAnimationTest" */ = {
			isa = XCConfigurationList;
			buildConfigurations = (
				DC76BB7021C7DC6F00833698 /* Debug */,
				DC76BB7121C7DC6F00833698 /* Release */,
			);
			defaultConfigurationIsVisible = 0;
			defaultConfigurationName = Release;
		};
/* End XCConfigurationList section */
	};
	rootObject = DC76BB5521C7DC6C00833698 /* Project object */;
}
